
Microsoft Visual Studio Solution File, Format Version 12.00
# Visual Studio Version 16
VisualStudioVersion = 16.0.30011.22
MinimumVisualStudioVersion = 10.0.40219.1
Project("{FAE04EC0-301F-11D3-BF4B-00C04F79EFBC}") = "FullStackCourse1", "FullStackCourse1\FullStackCourse1.csproj", "{7A16A1B5-FD0F-42DA-B576-0B7807ECFE8C}"
EndProject
Project("{FAE04EC0-301F-11D3-BF4B-00C04F79EFBC}") = "Gighub.Test", "Gighub.Test\Gighub.Test.csproj", "{723A34BB-AF02-4784-BCBD-1DE6A4DCC8E4}"
EndProject
Project("{2150E333-8FDC-42A3-9474-1A3956D46DE8}") = "Core", "Core", "{340D3F1A-D1B8-42ED-8B9F-95D4CAC60CAC}"
EndProject
Project("{FAE04EC0-301F-11D3-BF4B-00C04F79EFBC}") = "GigHub.Model", "GigHub.Model\GigHub.Model.csproj", "{CB7D8A92-FDEC-41D8-8805-1E7B8B9033B9}"
EndProject
Project("{FAE04EC0-301F-11D3-BF4B-00C04F79EFBC}") = "GigHub.Shared", "GigHub.Shared\GigHub.Shared.csproj", "{05F48289-3D06-4F91-BD3F-DD00DDFBC175}"
EndProject
Project("{2150E333-8FDC-42A3-9474-1A3956D46DE8}") = "Persistance", "Persistance", "{18F8EA73-7316-485D-AB38-5113430B6F96}"
EndProject
Global
	GlobalSection(SolutionConfigurationPlatforms) = preSolution
		Debug|Any CPU = Debug|Any CPU
		Release|Any CPU = Release|Any CPU
	EndGlobalSection
	GlobalSection(ProjectConfigurationPlatforms) = postSolution
		{7A16A1B5-FD0F-42DA-B576-0B7807ECFE8C}.Debug|Any CPU.ActiveCfg = Debug|Any CPU
		{7A16A1B5-FD0F-42DA-B576-0B7807ECFE8C}.Debug|Any CPU.Build.0 = Debug|Any CPU
		{7A16A1B5-FD0F-42DA-B576-0B7807ECFE8C}.Release|Any CPU.ActiveCfg = Release|Any CPU
		{7A16A1B5-FD0F-42DA-B576-0B7807ECFE8C}.Release|Any CPU.Build.0 = Release|Any CPU
		{723A34BB-AF02-4784-BCBD-1DE6A4DCC8E4}.Debug|Any CPU.ActiveCfg = Debug|Any CPU
		{723A34BB-AF02-4784-BCBD-1DE6A4DCC8E4}.Debug|Any CPU.Build.0 = Debug|Any CPU
		{723A34BB-AF02-4784-BCBD-1DE6A4DCC8E4}.Release|Any CPU.ActiveCfg = Release|Any CPU
		{723A34BB-AF02-4784-BCBD-1DE6A4DCC8E4}.Release|Any CPU.Build.0 = Release|Any CPU
		{CB7D8A92-FDEC-41D8-8805-1E7B8B9033B9}.Debug|Any CPU.ActiveCfg = Debug|Any CPU
		{CB7D8A92-FDEC-41D8-8805-1E7B8B9033B9}.Debug|Any CPU.Build.0 = Debug|Any CPU
		{CB7D8A92-FDEC-41D8-8805-1E7B8B9033B9}.Release|Any CPU.ActiveCfg = Release|Any CPU
		{CB7D8A92-FDEC-41D8-8805-1E7B8B9033B9}.Release|Any CPU.Build.0 = Release|Any CPU
		{05F48289-3D06-4F91-BD3F-DD00DDFBC175}.Debug|Any CPU.ActiveCfg = Debug|Any CPU
		{05F48289-3D06-4F91-BD3F-DD00DDFBC175}.Debug|Any CPU.Build.0 = Debug|Any CPU
		{05F48289-3D06-4F91-BD3F-DD00DDFBC175}.Release|Any CPU.ActiveCfg = Release|Any CPU
		{05F48289-3D06-4F91-BD3F-DD00DDFBC175}.Release|Any CPU.Build.0 = Release|Any CPU
	EndGlobalSection
	GlobalSection(SolutionProperties) = preSolution
		HideSolutionNode = FALSE
	EndGlobalSection
	GlobalSection(NestedProjects) = preSolution
		{CB7D8A92-FDEC-41D8-8805-1E7B8B9033B9} = {340D3F1A-D1B8-42ED-8B9F-95D4CAC60CAC}
		{05F48289-3D06-4F91-BD3F-DD00DDFBC175} = {340D3F1A-D1B8-42ED-8B9F-95D4CAC60CAC}
	EndGlobalSection
	GlobalSection(ExtensibilityGlobals) = postSolution
		SolutionGuid = {1A615599-681F-476D-9218-9342A81F07DB}
	EndGlobalSection
EndGlobal
